
Microsoft Visual Studio Solution File, Format Version 12.00
# Visual Studio Version 17
VisualStudioVersion = 17.9.34622.214
MinimumVisualStudioVersion = 10.0.40219.1
Project("{FAE04EC0-301F-11D3-BF4B-00C04F79EFBC}") = "DB_L3_MySQL_Connect", "DB_L3_MySQL_Connect\DB_L3_MySQL_Connect.csproj", "{C70EDC2C-F9E8-4D80-937C-EBFB8151FF25}"
EndProject
Global
	GlobalSection(SolutionConfigurationPlatforms) = preSolution
		Debug|Any CPU = Debug|Any CPU
		Release|Any CPU = Release|Any CPU
	EndGlobalSection
	GlobalSection(ProjectConfigurationPlatforms) = postSolution
		{C70EDC2C-F9E8-4D80-937C-EBFB8151FF25}.Debug|Any CPU.ActiveCfg = Debug|Any CPU
		{C70EDC2C-F9E8-4D80-937C-EBFB8151FF25}.Debug|Any CPU.Build.0 = Debug|Any CPU
		{C70EDC2C-F9E8-4D80-937C-EBFB8151FF25}.Release|Any CPU.ActiveCfg = Release|Any CPU
		{C70EDC2C-F9E8-4D80-937C-EBFB8151FF25}.Release|Any CPU.Build.0 = Release|Any CPU
	EndGlobalSection
	GlobalSection(SolutionProperties) = preSolution
		HideSolutionNode = FALSE
	EndGlobalSection
	GlobalSection(ExtensibilityGlobals) = postSolution
		SolutionGuid = {8AA76016-8477-4F36-A484-F0F401E2D5C1}
	EndGlobalSection
EndGlobal
